
Microsoft Visual Studio Solution File, Format Version 12.00
# Visual Studio Version 17
VisualStudioVersion = 17.0.31912.275
MinimumVisualStudioVersion = 10.0.40219.1
Project("{FAE04EC0-301F-11D3-BF4B-00C04F79EFBC}") = "BasicCalculator", "BasicCalculator\BasicCalculator.csproj", "{0C210774-F5D1-40F2-AD4A-35025630B9FC}"
EndProject
Global
	GlobalSection(SolutionConfigurationPlatforms) = preSolution
		Debug|Any CPU = Debug|Any CPU
		Release|Any CPU = Release|Any CPU
	EndGlobalSection
	GlobalSection(ProjectConfigurationPlatforms) = postSolution
		{0C210774-F5D1-40F2-AD4A-35025630B9FC}.Debug|Any CPU.ActiveCfg = Debug|Any CPU
		{0C210774-F5D1-40F2-AD4A-35025630B9FC}.Debug|Any CPU.Build.0 = Debug|Any CPU
		{0C210774-F5D1-40F2-AD4A-35025630B9FC}.Release|Any CPU.ActiveCfg = Release|Any CPU
		{0C210774-F5D1-40F2-AD4A-35025630B9FC}.Release|Any CPU.Build.0 = Release|Any CPU
	EndGlobalSection
	GlobalSection(SolutionProperties) = preSolution
		HideSolutionNode = FALSE
	EndGlobalSection
	GlobalSection(ExtensibilityGlobals) = postSolution
		SolutionGuid = {2721BF5A-FC57-411C-AED4-DA16B0CDFD59}
	EndGlobalSection
EndGlobal
